# This file was autogenerated by Stack.
# You should not edit this file by hand.
# For more information, please see the documentation at:
#   https://docs.haskellstack.org/en/stable/lock_files

packages:
- completed:
    hackage: polysemy-1.6.0.0@sha256:29a73b1bf3d0049b12041016b7ee25e76bd8f6e99f9c37c2dde2b46368246697,6184
    pantry-tree:
      size: 4577
      sha256: c4ca508b4a6786fc27e0f484344ce8dba119ea2f7fe47fb7379a51313a94cd10
  original:
    hackage: polysemy-1.6.0.0
snapshots:
- completed:
    size: 567677
    url: https://raw.githubusercontent.com/commercialhaskell/stackage-snapshots/master/lts/17/14.yaml
    sha256: 3740f22286bf5e6e3d82f88125e1c708b6e27847211f956b530aa5d83cf39383
  original: lts-17.14
